
Microsoft Visual Studio Solution File, Format Version 12.00
# Visual Studio Version 17
VisualStudioVersion = 17.14.36127.28 d17.14
MinimumVisualStudioVersion = 10.0.40219.1
Project("{FAE04EC0-301F-11D3-BF4B-00C04F79EFBC}") = "Ex03.GarageLogic", "Ex03.GarageLogic\Ex03.GarageLogic.csproj", "{8B6884F9-7E9E-462D-ADB8-150800F31F3E}"
EndProject
Project("{FAE04EC0-301F-11D3-BF4B-00C04F79EFBC}") = "Ex03.ConsoleUI", "Ex03.ConsoleUI\Ex03.ConsoleUI.csproj", "{DAA64F9E-5121-46A4-B5A7-1CC43ABC131F}"
EndProject
Global
	GlobalSection(SolutionConfigurationPlatforms) = preSolution
		Debug|Any CPU = Debug|Any CPU
		Release|Any CPU = Release|Any CPU
	EndGlobalSection
	GlobalSection(ProjectConfigurationPlatforms) = postSolution
		{8B6884F9-7E9E-462D-ADB8-150800F31F3E}.Debug|Any CPU.ActiveCfg = Debug|Any CPU
		{8B6884F9-7E9E-462D-ADB8-150800F31F3E}.Debug|Any CPU.Build.0 = Debug|Any CPU
		{8B6884F9-7E9E-462D-ADB8-150800F31F3E}.Release|Any CPU.ActiveCfg = Release|Any CPU
		{8B6884F9-7E9E-462D-ADB8-150800F31F3E}.Release|Any CPU.Build.0 = Release|Any CPU
		{DAA64F9E-5121-46A4-B5A7-1CC43ABC131F}.Debug|Any CPU.ActiveCfg = Debug|Any CPU
		{DAA64F9E-5121-46A4-B5A7-1CC43ABC131F}.Debug|Any CPU.Build.0 = Debug|Any CPU
		{DAA64F9E-5121-46A4-B5A7-1CC43ABC131F}.Release|Any CPU.ActiveCfg = Release|Any CPU
		{DAA64F9E-5121-46A4-B5A7-1CC43ABC131F}.Release|Any CPU.Build.0 = Release|Any CPU
	EndGlobalSection
	GlobalSection(SolutionProperties) = preSolution
		HideSolutionNode = FALSE
	EndGlobalSection
	GlobalSection(ExtensibilityGlobals) = postSolution
		SolutionGuid = {821F98A2-E307-4076-995C-A2F9B16474AC}
	EndGlobalSection
EndGlobal
